
Microsoft Visual Studio Solution File, Format Version 12.00
# Visual Studio 2013
VisualStudioVersion = 12.0.30501.0
MinimumVisualStudioVersion = 10.0.40219.1
Project("{FAE04EC0-301F-11D3-BF4B-00C04F79EFBC}") = "MGGP", "MGGP\MGGP.csproj", "{524B3E3B-036C-485A-A5DE-71F34F1D22E8}"
EndProject
Global
	GlobalSection(SolutionConfigurationPlatforms) = preSolution
		Debug|Any CPU = Debug|Any CPU
		Release|Any CPU = Release|Any CPU
	EndGlobalSection
	GlobalSection(ProjectConfigurationPlatforms) = postSolution
		{524B3E3B-036C-485A-A5DE-71F34F1D22E8}.Debug|Any CPU.ActiveCfg = Debug|Any CPU
		{524B3E3B-036C-485A-A5DE-71F34F1D22E8}.Debug|Any CPU.Build.0 = Debug|Any CPU
		{524B3E3B-036C-485A-A5DE-71F34F1D22E8}.Release|Any CPU.ActiveCfg = Release|Any CPU
		{524B3E3B-036C-485A-A5DE-71F34F1D22E8}.Release|Any CPU.Build.0 = Release|Any CPU
	EndGlobalSection
	GlobalSection(SolutionProperties) = preSolution
		HideSolutionNode = FALSE
	EndGlobalSection
EndGlobal
